// !$*UTF8*$!
{
	archiveVersion = 1;
	classes = {
	};
	objectVersion = 46;
	objects = {

/* Begin PBXBuildFile section */
		826AD88D98AA78DD4FF274F5 /* Pods_Weibo.framework in Frameworks */ = {isa = PBXBuildFile; fileRef = A70FAA19BA29BDAEE15E8EE4 /* Pods_Weibo.framework */; };
		C4232BD51DFAA2AE00E826AB /* AppDelegate.swift in Sources */ = {isa = PBXBuildFile; fileRef = C4232BD41DFAA2AE00E826AB /* AppDelegate.swift */; };
		C4232BDC1DFAA2AE00E826AB /* Assets.xcassets in Resources */ = {isa = PBXBuildFile; fileRef = C4232BDB1DFAA2AE00E826AB /* Assets.xcassets */; };
		C4232BEA1DFAA2AF00E826AB /* WeiboTests.swift in Sources */ = {isa = PBXBuildFile; fileRef = C4232BE91DFAA2AF00E826AB /* WeiboTests.swift */; };
		C4232BF51DFAA2AF00E826AB /* WeiboUITests.swift in Sources */ = {isa = PBXBuildFile; fileRef = C4232BF41DFAA2AF00E826AB /* WeiboUITests.swift */; };
		C4232C1C1DFAA97600E826AB /* HomeViewController.swift in Sources */ = {isa = PBXBuildFile; fileRef = C4232C1B1DFAA97600E826AB /* HomeViewController.swift */; };
		C4232C1E1DFAA98D00E826AB /* MessageViewController.swift in Sources */ = {isa = PBXBuildFile; fileRef = C4232C1D1DFAA98D00E826AB /* MessageViewController.swift */; };
		C4232C201DFAA99B00E826AB /* DiscoverViewController.swift in Sources */ = {isa = PBXBuildFile; fileRef = C4232C1F1DFAA99B00E826AB /* DiscoverViewController.swift */; };
		C4232C221DFAA9A800E826AB /* ProfileViewController.swift in Sources */ = {isa = PBXBuildFile; fileRef = C4232C211DFAA9A800E826AB /* ProfileViewController.swift */; };
		C4232C241DFAAD9400E826AB /* SLConst.swift in Sources */ = {isa = PBXBuildFile; fileRef = C4232C231DFAAD9400E826AB /* SLConst.swift */; };
		C4232C271DFAB0B800E826AB /* UIColor+Extension.swift in Sources */ = {isa = PBXBuildFile; fileRef = C4232C261DFAB0B800E826AB /* UIColor+Extension.swift */; };
		C4232C2B1DFABA5900E826AB /* Bundle+Extension.swift in Sources */ = {isa = PBXBuildFile; fileRef = C4232C2A1DFABA5900E826AB /* Bundle+Extension.swift */; };
		C43F39AB1DFE80ED0052C753 /* UIButton+Extension.swift in Sources */ = {isa = PBXBuildFile; fileRef = C43F39AA1DFE80ED0052C753 /* UIButton+Extension.swift */; };
		C43F39D71DFE8B8E0052C753 /* UIBarButtonItem+Extension.swift in Sources */ = {isa = PBXBuildFile; fileRef = C43F39D61DFE8B8E0052C753 /* UIBarButtonItem+Extension.swift */; };
		C43F39D91DFE91840052C753 /* UIScreen+Extension.swift in Sources */ = {isa = PBXBuildFile; fileRef = C43F39D81DFE91840052C753 /* UIScreen+Extension.swift */; };
		C43F39E21DFE9BC90052C753 /* SLRefreshControl.swift in Sources */ = {isa = PBXBuildFile; fileRef = C43F39DC1DFE9BC90052C753 /* SLRefreshControl.swift */; };
		C43F39E31DFE9BC90052C753 /* SLRefreshView.swift in Sources */ = {isa = PBXBuildFile; fileRef = C43F39DD1DFE9BC90052C753 /* SLRefreshView.swift */; };
		C43F39E41DFE9BC90052C753 /* SLMeituanRefreshView.swift in Sources */ = {isa = PBXBuildFile; fileRef = C43F39DE1DFE9BC90052C753 /* SLMeituanRefreshView.swift */; };
		C43F39E51DFE9BC90052C753 /* SLMeituanRefreshView.xib in Resources */ = {isa = PBXBuildFile; fileRef = C43F39DF1DFE9BC90052C753 /* SLMeituanRefreshView.xib */; };
		C43F39E61DFE9BC90052C753 /* SLRefreshView.xib in Resources */ = {isa = PBXBuildFile; fileRef = C43F39E01DFE9BC90052C753 /* SLRefreshView.xib */; };
		C43F39E71DFE9BC90052C753 /* SLHumanRefreshView.xib in Resources */ = {isa = PBXBuildFile; fileRef = C43F39E11DFE9BC90052C753 /* SLHumanRefreshView.xib */; };
		C43F39F01DFEA0B40052C753 /* BaseViewController.swift in Sources */ = {isa = PBXBuildFile; fileRef = C43F39E91DFEA0B40052C753 /* BaseViewController.swift */; };
		C43F39F11DFEA0B40052C753 /* LsNavigationViewController.swift in Sources */ = {isa = PBXBuildFile; fileRef = C43F39EA1DFEA0B40052C753 /* LsNavigationViewController.swift */; };
		C43F39F21DFEA0B40052C753 /* main.json in Resources */ = {isa = PBXBuildFile; fileRef = C43F39EB1DFEA0B40052C753 /* main.json */; };
		C43F39F31DFEA0B40052C753 /* MainViewController.swift in Sources */ = {isa = PBXBuildFile; fileRef = C43F39EC1DFEA0B40052C753 /* MainViewController.swift */; };
		C43F39F51DFEA0E20052C753 /* WBVistorView.swift in Sources */ = {isa = PBXBuildFile; fileRef = C43F39F41DFEA0E20052C753 /* WBVistorView.swift */; };
		C43F39F71DFEA2120052C753 /* UILabel+Extension.swift in Sources */ = {isa = PBXBuildFile; fileRef = C43F39F61DFEA2120052C753 /* UILabel+Extension.swift */; };
		C43F39FB1DFEA5600052C753 /* HttpClientManager.swift in Sources */ = {isa = PBXBuildFile; fileRef = C43F39FA1DFEA5600052C753 /* HttpClientManager.swift */; };
		C43F39FD1DFEA7800052C753 /* UserAccount.swift in Sources */ = {isa = PBXBuildFile; fileRef = C43F39FC1DFEA7800052C753 /* UserAccount.swift */; };
		C43F39FF1DFEA85B0052C753 /* String+Extension.swift in Sources */ = {isa = PBXBuildFile; fileRef = C43F39FE1DFEA85B0052C753 /* String+Extension.swift */; };
		C43F3A011DFEAC0E0052C753 /* HttpClientManager+Extension.swift in Sources */ = {isa = PBXBuildFile; fileRef = C43F3A001DFEAC0E0052C753 /* HttpClientManager+Extension.swift */; };
		C43F3A061DFFC67C0052C753 /* WBWelcomeView.swift in Sources */ = {isa = PBXBuildFile; fileRef = C43F3A041DFFC67C0052C753 /* WBWelcomeView.swift */; };
		C43F3A071DFFC67C0052C753 /* WBWelcomeView.xib in Resources */ = {isa = PBXBuildFile; fileRef = C43F3A051DFFC67C0052C753 /* WBWelcomeView.xib */; };
		C43F3A091DFFD6770052C753 /* WBStatus.swift in Sources */ = {isa = PBXBuildFile; fileRef = C43F3A081DFFD6770052C753 /* WBStatus.swift */; };
		C43F3A0B1DFFD7030052C753 /* WBStatusPicture.swift in Sources */ = {isa = PBXBuildFile; fileRef = C43F3A0A1DFFD7030052C753 /* WBStatusPicture.swift */; };
		C43F3A0D1DFFD70E0052C753 /* WBUser.swift in Sources */ = {isa = PBXBuildFile; fileRef = C43F3A0C1DFFD70D0052C753 /* WBUser.swift */; };
		C43F3A0F1DFFD7640052C753 /* Date+Extension.swift in Sources */ = {isa = PBXBuildFile; fileRef = C43F3A0E1DFFD7640052C753 /* Date+Extension.swift */; };
		C43F3A111DFFDB7D0052C753 /* OAUthViewController.swift in Sources */ = {isa = PBXBuildFile; fileRef = C43F3A101DFFDB7D0052C753 /* OAUthViewController.swift */; };
		C43F3A141DFFE4FA0052C753 /* WBNewFeatureView.swift in Sources */ = {isa = PBXBuildFile; fileRef = C43F3A121DFFE4FA0052C753 /* WBNewFeatureView.swift */; };
		C43F3A151DFFE4FA0052C753 /* WBNewFeatureView.xib in Resources */ = {isa = PBXBuildFile; fileRef = C43F3A131DFFE4FA0052C753 /* WBNewFeatureView.xib */; };
		C43F3A211DFFF1C40052C753 /* HMPhotoBrowserAnimator.m in Sources */ = {isa = PBXBuildFile; fileRef = C43F3A181DFFF1C40052C753 /* HMPhotoBrowserAnimator.m */; };
		C43F3A221DFFF1C40052C753 /* HMPhotoBrowserController.m in Sources */ = {isa = PBXBuildFile; fileRef = C43F3A1A1DFFF1C40052C753 /* HMPhotoBrowserController.m */; };
		C43F3A231DFFF1C40052C753 /* HMPhotoBrowserPhotos.m in Sources */ = {isa = PBXBuildFile; fileRef = C43F3A1C1DFFF1C40052C753 /* HMPhotoBrowserPhotos.m */; };
		C43F3A241DFFF1C40052C753 /* HMPhotoProgressView.m in Sources */ = {isa = PBXBuildFile; fileRef = C43F3A1E1DFFF1C40052C753 /* HMPhotoProgressView.m */; };
		C43F3A251DFFF1C40052C753 /* HMPhotoViewerController.m in Sources */ = {isa = PBXBuildFile; fileRef = C43F3A201DFFF1C40052C753 /* HMPhotoViewerController.m */; };
		C43F3A281DFFF1CE0052C753 /* FFLabel.swift in Sources */ = {isa = PBXBuildFile; fileRef = C43F3A271DFFF1CE0052C753 /* FFLabel.swift */; };
		C43F3A371DFFF1D90052C753 /* CZEmoticonManager.swift in Sources */ = {isa = PBXBuildFile; fileRef = C43F3A2A1DFFF1D90052C753 /* CZEmoticonManager.swift */; };
		C43F3A381DFFF1D90052C753 /* HMEmoticon.bundle in Resources */ = {isa = PBXBuildFile; fileRef = C43F3A2B1DFFF1D90052C753 /* HMEmoticon.bundle */; };
		C43F3A391DFFF1D90052C753 /* CZEmoticon.swift in Sources */ = {isa = PBXBuildFile; fileRef = C43F3A2D1DFFF1D90052C753 /* CZEmoticon.swift */; };
		C43F3A3A1DFFF1D90052C753 /* CZEmoticonAttachment.swift in Sources */ = {isa = PBXBuildFile; fileRef = C43F3A2E1DFFF1D90052C753 /* CZEmoticonAttachment.swift */; };
		C43F3A3B1DFFF1D90052C753 /* CZEmoticonPackage.swift in Sources */ = {isa = PBXBuildFile; fileRef = C43F3A2F1DFFF1D90052C753 /* CZEmoticonPackage.swift */; };
		C43F3A3C1DFFF1D90052C753 /* CZEmoticonCell.swift in Sources */ = {isa = PBXBuildFile; fileRef = C43F3A311DFFF1D90052C753 /* CZEmoticonCell.swift */; };
		C43F3A3D1DFFF1D90052C753 /* CZEmoticonInputView.swift in Sources */ = {isa = PBXBuildFile; fileRef = C43F3A321DFFF1D90052C753 /* CZEmoticonInputView.swift */; };
		C43F3A3E1DFFF1D90052C753 /* CZEmoticonInputView.xib in Resources */ = {isa = PBXBuildFile; fileRef = C43F3A331DFFF1D90052C753 /* CZEmoticonInputView.xib */; };
		C43F3A3F1DFFF1D90052C753 /* CZEmoticonLayout.swift in Sources */ = {isa = PBXBuildFile; fileRef = C43F3A341DFFF1D90052C753 /* CZEmoticonLayout.swift */; };
		C43F3A401DFFF1D90052C753 /* CZEmoticonTipView.swift in Sources */ = {isa = PBXBuildFile; fileRef = C43F3A351DFFF1D90052C753 /* CZEmoticonTipView.swift */; };
		C43F3A411DFFF1D90052C753 /* CZEmoticonToolbar.swift in Sources */ = {isa = PBXBuildFile; fileRef = C43F3A361DFFF1D90052C753 /* CZEmoticonToolbar.swift */; };
		C43F3A441DFFF2580052C753 /* WBStatusListViewModel.swift in Sources */ = {isa = PBXBuildFile; fileRef = C43F3A431DFFF2580052C753 /* WBStatusListViewModel.swift */; };
		C43F3A461DFFF2D10052C753 /* WBStatusListDAL.swift in Sources */ = {isa = PBXBuildFile; fileRef = C43F3A451DFFF2D10052C753 /* WBStatusListDAL.swift */; };
		C43F3A481DFFF2E00052C753 /* WBStatusViewModel.swift in Sources */ = {isa = PBXBuildFile; fileRef = C43F3A471DFFF2E00052C753 /* WBStatusViewModel.swift */; };
		C43F3A4C1DFFF47F0052C753 /* CZSQLiteManager.swift in Sources */ = {isa = PBXBuildFile; fileRef = C43F3A4A1DFFF47F0052C753 /* CZSQLiteManager.swift */; };
		C43F3A4D1DFFF47F0052C753 /* status.sql in Resources */ = {isa = PBXBuildFile; fileRef = C43F3A4B1DFFF47F0052C753 /* status.sql */; };
		C43F3A4F1DFFF4CE0052C753 /* UIImage+Extension.swift in Sources */ = {isa = PBXBuildFile; fileRef = C43F3A4E1DFFF4CE0052C753 /* UIImage+Extension.swift */; };
		C43F3A511DFFF4DA0052C753 /* UIImageView+Extension.swift in Sources */ = {isa = PBXBuildFile; fileRef = C43F3A501DFFF4DA0052C753 /* UIImageView+Extension.swift */; };
		C43F3A581DFFF9760052C753 /* WBStatusCell.swift in Sources */ = {isa = PBXBuildFile; fileRef = C43F3A531DFFF9760052C753 /* WBStatusCell.swift */; };
		C43F3A591DFFF9760052C753 /* WBStatusNormalCell.xib in Resources */ = {isa = PBXBuildFile; fileRef = C43F3A541DFFF9760052C753 /* WBStatusNormalCell.xib */; };
		C43F3A5A1DFFF9760052C753 /* WBStatusPictureView.swift in Sources */ = {isa = PBXBuildFile; fileRef = C43F3A551DFFF9760052C753 /* WBStatusPictureView.swift */; };
		C43F3A5B1DFFF9760052C753 /* WBStatusRetweetedCell.xib in Resources */ = {isa = PBXBuildFile; fileRef = C43F3A561DFFF9760052C753 /* WBStatusRetweetedCell.xib */; };
		C43F3A5C1DFFF9760052C753 /* WBStatusToolBar.swift in Sources */ = {isa = PBXBuildFile; fileRef = C43F3A571DFFF9760052C753 /* WBStatusToolBar.swift */; };
		C43F3A5F1DFFF97D0052C753 /* WBTitleButton.swift in Sources */ = {isa = PBXBuildFile; fileRef = C43F3A5E1DFFF97D0052C753 /* WBTitleButton.swift */; };
		C43F3A631DFFFA5C0052C753 /* WBWebViewController.swift in Sources */ = {isa = PBXBuildFile; fileRef = C43F3A621DFFFA5C0052C753 /* WBWebViewController.swift */; };
		C43F3A661DFFFB2A0052C753 /* WBDemoViewController.swift in Sources */ = {isa = PBXBuildFile; fileRef = C43F3A651DFFFB2A0052C753 /* WBDemoViewController.swift */; };
		C482269D1E02344200F74AB5 /* WBComposeTextView.swift in Sources */ = {isa = PBXBuildFile; fileRef = C482269C1E02344200F74AB5 /* WBComposeTextView.swift */; };
		C48226A21E02344C00F74AB5 /* WBComposeTypeView.swift in Sources */ = {isa = PBXBuildFile; fileRef = C482269E1E02344C00F74AB5 /* WBComposeTypeView.swift */; };
		C48226A31E02344C00F74AB5 /* WBComposeTypeView.xib in Resources */ = {isa = PBXBuildFile; fileRef = C482269F1E02344C00F74AB5 /* WBComposeTypeView.xib */; };
		C48226A41E02344C00F74AB5 /* WBComposeTypeButton.swift in Sources */ = {isa = PBXBuildFile; fileRef = C48226A01E02344C00F74AB5 /* WBComposeTypeButton.swift */; };
		C48226A51E02344C00F74AB5 /* WBComposeTypeButton.xib in Resources */ = {isa = PBXBuildFile; fileRef = C48226A11E02344C00F74AB5 /* WBComposeTypeButton.xib */; };
/* End PBXBuildFile section */

/* Begin PBXContainerItemProxy section */
		C4232BE61DFAA2AF00E826AB /* PBXContainerItemProxy */ = {
			isa = PBXContainerItemProxy;
			containerPortal = C4232BC91DFAA2AE00E826AB /* Project object */;
			proxyType = 1;
			remoteGlobalIDString = C4232BD01DFAA2AE00E826AB;
			remoteInfo = Weibo;
		};
		C4232BF11DFAA2AF00E826AB /* PBXContainerItemProxy */ = {
			isa = PBXContainerItemProxy;
			containerPortal = C4232BC91DFAA2AE00E826AB /* Project object */;
			proxyType = 1;
			remoteGlobalIDString = C4232BD01DFAA2AE00E826AB;
			remoteInfo = Weibo;
		};
/* End PBXContainerItemProxy section */

/* Begin PBXFileReference section */
		9977B00681BD9E6B26080785 /* Pods-Weibo.debug.xcconfig */ = {isa = PBXFileReference; includeInIndex = 1; lastKnownFileType = text.xcconfig; name = "Pods-Weibo.debug.xcconfig"; path = "../Pods/Target Support Files/Pods-Weibo/Pods-Weibo.debug.xcconfig"; sourceTree = "<group>"; };
		A70FAA19BA29BDAEE15E8EE4 /* Pods_Weibo.framework */ = {isa = PBXFileReference; explicitFileType = wrapper.framework; includeInIndex = 0; path = Pods_Weibo.framework; sourceTree = BUILT_PRODUCTS_DIR; };
		C4232BD11DFAA2AE00E826AB /* Weibo.app */ = {isa = PBXFileReference; explicitFileType = wrapper.application; includeInIndex = 0; path = Weibo.app; sourceTree = BUILT_PRODUCTS_DIR; };
		C4232BD41DFAA2AE00E826AB /* AppDelegate.swift */ = {isa = PBXFileReference; lastKnownFileType = sourcecode.swift; path = AppDelegate.swift; sourceTree = "<group>"; };
		C4232BDB1DFAA2AE00E826AB /* Assets.xcassets */ = {isa = PBXFileReference; lastKnownFileType = folder.assetcatalog; path = Assets.xcassets; sourceTree = "<group>"; };
		C4232BE01DFAA2AE00E826AB /* Info.plist */ = {isa = PBXFileReference; lastKnownFileType = text.plist.xml; path = Info.plist; sourceTree = "<group>"; };
		C4232BE51DFAA2AF00E826AB /* WeiboTests.xctest */ = {isa = PBXFileReference; explicitFileType = wrapper.cfbundle; includeInIndex = 0; path = WeiboTests.xctest; sourceTree = BUILT_PRODUCTS_DIR; };
		C4232BE91DFAA2AF00E826AB /* WeiboTests.swift */ = {isa = PBXFileReference; lastKnownFileType = sourcecode.swift; path = WeiboTests.swift; sourceTree = "<group>"; };
		C4232BEB1DFAA2AF00E826AB /* Info.plist */ = {isa = PBXFileReference; lastKnownFileType = text.plist.xml; path = Info.plist; sourceTree = "<group>"; };
		C4232BF01DFAA2AF00E826AB /* WeiboUITests.xctest */ = {isa = PBXFileReference; explicitFileType = wrapper.cfbundle; includeInIndex = 0; path = WeiboUITests.xctest; sourceTree = BUILT_PRODUCTS_DIR; };
		C4232BF41DFAA2AF00E826AB /* WeiboUITests.swift */ = {isa = PBXFileReference; lastKnownFileType = sourcecode.swift; path = WeiboUITests.swift; sourceTree = "<group>"; };
		C4232BF61DFAA2AF00E826AB /* Info.plist */ = {isa = PBXFileReference; lastKnownFileType = text.plist.xml; path = Info.plist; sourceTree = "<group>"; };
		C4232C1B1DFAA97600E826AB /* HomeViewController.swift */ = {isa = PBXFileReference; fileEncoding = 4; lastKnownFileType = sourcecode.swift; path = HomeViewController.swift; sourceTree = "<group>"; };
		C4232C1D1DFAA98D00E826AB /* MessageViewController.swift */ = {isa = PBXFileReference; fileEncoding = 4; lastKnownFileType = sourcecode.swift; path = MessageViewController.swift; sourceTree = "<group>"; };
		C4232C1F1DFAA99B00E826AB /* DiscoverViewController.swift */ = {isa = PBXFileReference; fileEncoding = 4; lastKnownFileType = sourcecode.swift; path = DiscoverViewController.swift; sourceTree = "<group>"; };
		C4232C211DFAA9A800E826AB /* ProfileViewController.swift */ = {isa = PBXFileReference; fileEncoding = 4; lastKnownFileType = sourcecode.swift; path = ProfileViewController.swift; sourceTree = "<group>"; };
		C4232C231DFAAD9400E826AB /* SLConst.swift */ = {isa = PBXFileReference; fileEncoding = 4; lastKnownFileType = sourcecode.swift; path = SLConst.swift; sourceTree = "<group>"; };
		C4232C261DFAB0B800E826AB /* UIColor+Extension.swift */ = {isa = PBXFileReference; fileEncoding = 4; lastKnownFileType = sourcecode.swift; path = "UIColor+Extension.swift"; sourceTree = "<group>"; };
		C4232C2A1DFABA5900E826AB /* Bundle+Extension.swift */ = {isa = PBXFileReference; fileEncoding = 4; lastKnownFileType = sourcecode.swift; path = "Bundle+Extension.swift"; sourceTree = "<group>"; };
		C43F39AA1DFE80ED0052C753 /* UIButton+Extension.swift */ = {isa = PBXFileReference; fileEncoding = 4; lastKnownFileType = sourcecode.swift; path = "UIButton+Extension.swift"; sourceTree = "<group>"; };
		C43F39D61DFE8B8E0052C753 /* UIBarButtonItem+Extension.swift */ = {isa = PBXFileReference; fileEncoding = 4; lastKnownFileType = sourcecode.swift; path = "UIBarButtonItem+Extension.swift"; sourceTree = "<group>"; };
		C43F39D81DFE91840052C753 /* UIScreen+Extension.swift */ = {isa = PBXFileReference; fileEncoding = 4; lastKnownFileType = sourcecode.swift; path = "UIScreen+Extension.swift"; sourceTree = "<group>"; };
		C43F39DC1DFE9BC90052C753 /* SLRefreshControl.swift */ = {isa = PBXFileReference; fileEncoding = 4; lastKnownFileType = sourcecode.swift; path = SLRefreshControl.swift; sourceTree = "<group>"; };
		C43F39DD1DFE9BC90052C753 /* SLRefreshView.swift */ = {isa = PBXFileReference; fileEncoding = 4; lastKnownFileType = sourcecode.swift; path = SLRefreshView.swift; sourceTree = "<group>"; };
		C43F39DE1DFE9BC90052C753 /* SLMeituanRefreshView.swift */ = {isa = PBXFileReference; fileEncoding = 4; lastKnownFileType = sourcecode.swift; path = SLMeituanRefreshView.swift; sourceTree = "<group>"; };
		C43F39DF1DFE9BC90052C753 /* SLMeituanRefreshView.xib */ = {isa = PBXFileReference; fileEncoding = 4; lastKnownFileType = file.xib; path = SLMeituanRefreshView.xib; sourceTree = "<group>"; };
		C43F39E01DFE9BC90052C753 /* SLRefreshView.xib */ = {isa = PBXFileReference; fileEncoding = 4; lastKnownFileType = file.xib; path = SLRefreshView.xib; sourceTree = "<group>"; };
		C43F39E11DFE9BC90052C753 /* SLHumanRefreshView.xib */ = {isa = PBXFileReference; fileEncoding = 4; lastKnownFileType = file.xib; path = SLHumanRefreshView.xib; sourceTree = "<group>"; };
		C43F39E91DFEA0B40052C753 /* BaseViewController.swift */ = {isa = PBXFileReference; fileEncoding = 4; lastKnownFileType = sourcecode.swift; path = BaseViewController.swift; sourceTree = "<group>"; };
		C43F39EA1DFEA0B40052C753 /* LsNavigationViewController.swift */ = {isa = PBXFileReference; fileEncoding = 4; lastKnownFileType = sourcecode.swift; path = LsNavigationViewController.swift; sourceTree = "<group>"; };
		C43F39EB1DFEA0B40052C753 /* main.json */ = {isa = PBXFileReference; fileEncoding = 4; lastKnownFileType = text.json; path = main.json; sourceTree = "<group>"; };
		C43F39EC1DFEA0B40052C753 /* MainViewController.swift */ = {isa = PBXFileReference; fileEncoding = 4; lastKnownFileType = sourcecode.swift; path = MainViewController.swift; sourceTree = "<group>"; };
		C43F39F41DFEA0E20052C753 /* WBVistorView.swift */ = {isa = PBXFileReference; fileEncoding = 4; lastKnownFileType = sourcecode.swift; path = WBVistorView.swift; sourceTree = "<group>"; };
		C43F39F61DFEA2120052C753 /* UILabel+Extension.swift */ = {isa = PBXFileReference; fileEncoding = 4; lastKnownFileType = sourcecode.swift; path = "UILabel+Extension.swift"; sourceTree = "<group>"; };
		C43F39FA1DFEA5600052C753 /* HttpClientManager.swift */ = {isa = PBXFileReference; fileEncoding = 4; lastKnownFileType = sourcecode.swift; path = HttpClientManager.swift; sourceTree = "<group>"; };
		C43F39FC1DFEA7800052C753 /* UserAccount.swift */ = {isa = PBXFileReference; fileEncoding = 4; lastKnownFileType = sourcecode.swift; path = UserAccount.swift; sourceTree = "<group>"; };
		C43F39FE1DFEA85B0052C753 /* String+Extension.swift */ = {isa = PBXFileReference; fileEncoding = 4; lastKnownFileType = sourcecode.swift; path = "String+Extension.swift"; sourceTree = "<group>"; };
		C43F3A001DFEAC0E0052C753 /* HttpClientManager+Extension.swift */ = {isa = PBXFileReference; fileEncoding = 4; lastKnownFileType = sourcecode.swift; path = "HttpClientManager+Extension.swift"; sourceTree = "<group>"; };
		C43F3A041DFFC67C0052C753 /* WBWelcomeView.swift */ = {isa = PBXFileReference; fileEncoding = 4; lastKnownFileType = sourcecode.swift; path = WBWelcomeView.swift; sourceTree = "<group>"; };
		C43F3A051DFFC67C0052C753 /* WBWelcomeView.xib */ = {isa = PBXFileReference; fileEncoding = 4; lastKnownFileType = file.xib; path = WBWelcomeView.xib; sourceTree = "<group>"; };
		C43F3A081DFFD6770052C753 /* WBStatus.swift */ = {isa = PBXFileReference; fileEncoding = 4; lastKnownFileType = sourcecode.swift; path = WBStatus.swift; sourceTree = "<group>"; };
		C43F3A0A1DFFD7030052C753 /* WBStatusPicture.swift */ = {isa = PBXFileReference; fileEncoding = 4; lastKnownFileType = sourcecode.swift; path = WBStatusPicture.swift; sourceTree = "<group>"; };
		C43F3A0C1DFFD70D0052C753 /* WBUser.swift */ = {isa = PBXFileReference; fileEncoding = 4; lastKnownFileType = sourcecode.swift; path = WBUser.swift; sourceTree = "<group>"; };
		C43F3A0E1DFFD7640052C753 /* Date+Extension.swift */ = {isa = PBXFileReference; fileEncoding = 4; lastKnownFileType = sourcecode.swift; path = "Date+Extension.swift"; sourceTree = "<group>"; };
		C43F3A101DFFDB7D0052C753 /* OAUthViewController.swift */ = {isa = PBXFileReference; fileEncoding = 4; lastKnownFileType = sourcecode.swift; path = OAUthViewController.swift; sourceTree = "<group>"; };
		C43F3A121DFFE4FA0052C753 /* WBNewFeatureView.swift */ = {isa = PBXFileReference; fileEncoding = 4; lastKnownFileType = sourcecode.swift; path = WBNewFeatureView.swift; sourceTree = "<group>"; };
		C43F3A131DFFE4FA0052C753 /* WBNewFeatureView.xib */ = {isa = PBXFileReference; fileEncoding = 4; lastKnownFileType = file.xib; path = WBNewFeatureView.xib; sourceTree = "<group>"; };
		C43F3A171DFFF1C40052C753 /* HMPhotoBrowserAnimator.h */ = {isa = PBXFileReference; fileEncoding = 4; lastKnownFileType = sourcecode.c.h; path = HMPhotoBrowserAnimator.h; sourceTree = "<group>"; };
		C43F3A181DFFF1C40052C753 /* HMPhotoBrowserAnimator.m */ = {isa = PBXFileReference; fileEncoding = 4; lastKnownFileType = sourcecode.c.objc; path = HMPhotoBrowserAnimator.m; sourceTree = "<group>"; };
		C43F3A191DFFF1C40052C753 /* HMPhotoBrowserController.h */ = {isa = PBXFileReference; fileEncoding = 4; lastKnownFileType = sourcecode.c.h; path = HMPhotoBrowserController.h; sourceTree = "<group>"; };
		C43F3A1A1DFFF1C40052C753 /* HMPhotoBrowserController.m */ = {isa = PBXFileReference; fileEncoding = 4; lastKnownFileType = sourcecode.c.objc; path = HMPhotoBrowserController.m; sourceTree = "<group>"; };
		C43F3A1B1DFFF1C40052C753 /* HMPhotoBrowserPhotos.h */ = {isa = PBXFileReference; fileEncoding = 4; lastKnownFileType = sourcecode.c.h; path = HMPhotoBrowserPhotos.h; sourceTree = "<group>"; };
		C43F3A1C1DFFF1C40052C753 /* HMPhotoBrowserPhotos.m */ = {isa = PBXFileReference; fileEncoding = 4; lastKnownFileType = sourcecode.c.objc; path = HMPhotoBrowserPhotos.m; sourceTree = "<group>"; };
		C43F3A1D1DFFF1C40052C753 /* HMPhotoProgressView.h */ = {isa = PBXFileReference; fileEncoding = 4; lastKnownFileType = sourcecode.c.h; path = HMPhotoProgressView.h; sourceTree = "<group>"; };
		C43F3A1E1DFFF1C40052C753 /* HMPhotoProgressView.m */ = {isa = PBXFileReference; fileEncoding = 4; lastKnownFileType = sourcecode.c.objc; path = HMPhotoProgressView.m; sourceTree = "<group>"; };
		C43F3A1F1DFFF1C40052C753 /* HMPhotoViewerController.h */ = {isa = PBXFileReference; fileEncoding = 4; lastKnownFileType = sourcecode.c.h; path = HMPhotoViewerController.h; sourceTree = "<group>"; };
		C43F3A201DFFF1C40052C753 /* HMPhotoViewerController.m */ = {isa = PBXFileReference; fileEncoding = 4; lastKnownFileType = sourcecode.c.objc; path = HMPhotoViewerController.m; sourceTree = "<group>"; };
		C43F3A271DFFF1CE0052C753 /* FFLabel.swift */ = {isa = PBXFileReference; fileEncoding = 4; lastKnownFileType = sourcecode.swift; path = FFLabel.swift; sourceTree = "<group>"; };
		C43F3A2A1DFFF1D90052C753 /* CZEmoticonManager.swift */ = {isa = PBXFileReference; fileEncoding = 4; lastKnownFileType = sourcecode.swift; path = CZEmoticonManager.swift; sourceTree = "<group>"; };
		C43F3A2B1DFFF1D90052C753 /* HMEmoticon.bundle */ = {isa = PBXFileReference; lastKnownFileType = "wrapper.plug-in"; path = HMEmoticon.bundle; sourceTree = "<group>"; };
		C43F3A2D1DFFF1D90052C753 /* CZEmoticon.swift */ = {isa = PBXFileReference; fileEncoding = 4; lastKnownFileType = sourcecode.swift; path = CZEmoticon.swift; sourceTree = "<group>"; };
		C43F3A2E1DFFF1D90052C753 /* CZEmoticonAttachment.swift */ = {isa = PBXFileReference; fileEncoding = 4; lastKnownFileType = sourcecode.swift; path = CZEmoticonAttachment.swift; sourceTree = "<group>"; };
		C43F3A2F1DFFF1D90052C753 /* CZEmoticonPackage.swift */ = {isa = PBXFileReference; fileEncoding = 4; lastKnownFileType = sourcecode.swift; path = CZEmoticonPackage.swift; sourceTree = "<group>"; };
		C43F3A311DFFF1D90052C753 /* CZEmoticonCell.swift */ = {isa = PBXFileReference; fileEncoding = 4; lastKnownFileType = sourcecode.swift; path = CZEmoticonCell.swift; sourceTree = "<group>"; };
		C43F3A321DFFF1D90052C753 /* CZEmoticonInputView.swift */ = {isa = PBXFileReference; fileEncoding = 4; lastKnownFileType = sourcecode.swift; path = CZEmoticonInputView.swift; sourceTree = "<group>"; };
		C43F3A331DFFF1D90052C753 /* CZEmoticonInputView.xib */ = {isa = PBXFileReference; fileEncoding = 4; lastKnownFileType = file.xib; path = CZEmoticonInputView.xib; sourceTree = "<group>"; };
		C43F3A341DFFF1D90052C753 /* CZEmoticonLayout.swift */ = {isa = PBXFileReference; fileEncoding = 4; lastKnownFileType = sourcecode.swift; path = CZEmoticonLayout.swift; sourceTree = "<group>"; };
		C43F3A351DFFF1D90052C753 /* CZEmoticonTipView.swift */ = {isa = PBXFileReference; fileEncoding = 4; lastKnownFileType = sourcecode.swift; path = CZEmoticonTipView.swift; sourceTree = "<group>"; };
		C43F3A361DFFF1D90052C753 /* CZEmoticonToolbar.swift */ = {isa = PBXFileReference; fileEncoding = 4; lastKnownFileType = sourcecode.swift; path = CZEmoticonToolbar.swift; sourceTree = "<group>"; };
		C43F3A421DFFF2040052C753 /* Weibo-bridge.h */ = {isa = PBXFileReference; fileEncoding = 4; lastKnownFileType = sourcecode.c.h; path = "Weibo-bridge.h"; sourceTree = SOURCE_ROOT; };
		C43F3A431DFFF2580052C753 /* WBStatusListViewModel.swift */ = {isa = PBXFileReference; fileEncoding = 4; lastKnownFileType = sourcecode.swift; path = WBStatusListViewModel.swift; sourceTree = "<group>"; };
		C43F3A451DFFF2D10052C753 /* WBStatusListDAL.swift */ = {isa = PBXFileReference; fileEncoding = 4; lastKnownFileType = sourcecode.swift; path = WBStatusListDAL.swift; sourceTree = "<group>"; };
		C43F3A471DFFF2E00052C753 /* WBStatusViewModel.swift */ = {isa = PBXFileReference; fileEncoding = 4; lastKnownFileType = sourcecode.swift; path = WBStatusViewModel.swift; sourceTree = "<group>"; };
		C43F3A4A1DFFF47F0052C753 /* CZSQLiteManager.swift */ = {isa = PBXFileReference; fileEncoding = 4; lastKnownFileType = sourcecode.swift; path = CZSQLiteManager.swift; sourceTree = "<group>"; };
		C43F3A4B1DFFF47F0052C753 /* status.sql */ = {isa = PBXFileReference; fileEncoding = 4; lastKnownFileType = text; path = status.sql; sourceTree = "<group>"; };
		C43F3A4E1DFFF4CE0052C753 /* UIImage+Extension.swift */ = {isa = PBXFileReference; fileEncoding = 4; lastKnownFileType = sourcecode.swift; path = "UIImage+Extension.swift"; sourceTree = "<group>"; };
		C43F3A501DFFF4DA0052C753 /* UIImageView+Extension.swift */ = {isa = PBXFileReference; fileEncoding = 4; lastKnownFileType = sourcecode.swift; path = "UIImageView+Extension.swift"; sourceTree = "<group>"; };
		C43F3A531DFFF9760052C753 /* WBStatusCell.swift */ = {isa = PBXFileReference; fileEncoding = 4; lastKnownFileType = sourcecode.swift; path = WBStatusCell.swift; sourceTree = "<group>"; };
		C43F3A541DFFF9760052C753 /* WBStatusNormalCell.xib */ = {isa = PBXFileReference; fileEncoding = 4; lastKnownFileType = file.xib; path = WBStatusNormalCell.xib; sourceTree = "<group>"; };
		C43F3A551DFFF9760052C753 /* WBStatusPictureView.swift */ = {isa = PBXFileReference; fileEncoding = 4; lastKnownFileType = sourcecode.swift; path = WBStatusPictureView.swift; sourceTree = "<group>"; };
		C43F3A561DFFF9760052C753 /* WBStatusRetweetedCell.xib */ = {isa = PBXFileReference; fileEncoding = 4; lastKnownFileType = file.xib; path = WBStatusRetweetedCell.xib; sourceTree = "<group>"; };
		C43F3A571DFFF9760052C753 /* WBStatusToolBar.swift */ = {isa = PBXFileReference; fileEncoding = 4; lastKnownFileType = sourcecode.swift; path = WBStatusToolBar.swift; sourceTree = "<group>"; };
		C43F3A5E1DFFF97D0052C753 /* WBTitleButton.swift */ = {isa = PBXFileReference; fileEncoding = 4; lastKnownFileType = sourcecode.swift; path = WBTitleButton.swift; sourceTree = "<group>"; };
		C43F3A621DFFFA5C0052C753 /* WBWebViewController.swift */ = {isa = PBXFileReference; fileEncoding = 4; lastKnownFileType = sourcecode.swift; path = WBWebViewController.swift; sourceTree = "<group>"; };
		C43F3A651DFFFB2A0052C753 /* WBDemoViewController.swift */ = {isa = PBXFileReference; fileEncoding = 4; lastKnownFileType = sourcecode.swift; path = WBDemoViewController.swift; sourceTree = "<group>"; };
		C482269C1E02344200F74AB5 /* WBComposeTextView.swift */ = {isa = PBXFileReference; fileEncoding = 4; lastKnownFileType = sourcecode.swift; path = WBComposeTextView.swift; sourceTree = "<group>"; };
		C482269E1E02344C00F74AB5 /* WBComposeTypeView.swift */ = {isa = PBXFileReference; fileEncoding = 4; lastKnownFileType = sourcecode.swift; path = WBComposeTypeView.swift; sourceTree = "<group>"; };
		C482269F1E02344C00F74AB5 /* WBComposeTypeView.xib */ = {isa = PBXFileReference; fileEncoding = 4; lastKnownFileType = file.xib; path = WBComposeTypeView.xib; sourceTree = "<group>"; };
		C48226A01E02344C00F74AB5 /* WBComposeTypeButton.swift */ = {isa = PBXFileReference; fileEncoding = 4; lastKnownFileType = sourcecode.swift; path = WBComposeTypeButton.swift; sourceTree = "<group>"; };
		C48226A11E02344C00F74AB5 /* WBComposeTypeButton.xib */ = {isa = PBXFileReference; fileEncoding = 4; lastKnownFileType = file.xib; path = WBComposeTypeButton.xib; sourceTree = "<group>"; };
		CAB41094FF5928015AB5372D /* Pods-Weibo.release.xcconfig */ = {isa = PBXFileReference; includeInIndex = 1; lastKnownFileType = text.xcconfig; name = "Pods-Weibo.release.xcconfig"; path = "../Pods/Target Support Files/Pods-Weibo/Pods-Weibo.release.xcconfig"; sourceTree = "<group>"; };
/* End PBXFileReference section */

/* Begin PBXFrameworksBuildPhase section */
		C4232BCE1DFAA2AE00E826AB /* Frameworks */ = {
			isa = PBXFrameworksBuildPhase;
			buildActionMask = 2147483647;
			files = (
				826AD88D98AA78DD4FF274F5 /* Pods_Weibo.framework in Frameworks */,
			);
			runOnlyForDeploymentPostprocessing = 0;
		};
		C4232BE21DFAA2AF00E826AB /* Frameworks */ = {
			isa = PBXFrameworksBuildPhase;
			buildActionMask = 2147483647;
			files = (
			);
			runOnlyForDeploymentPostprocessing = 0;
		};
		C4232BED1DFAA2AF00E826AB /* Frameworks */ = {
			isa = PBXFrameworksBuildPhase;
			buildActionMask = 2147483647;
			files = (
			);
			runOnlyForDeploymentPostprocessing = 0;
		};
/* End PBXFrameworksBuildPhase section */

/* Begin PBXGroup section */
		5854CEEE23411AB078ECC008 /* Pods */ = {
			isa = PBXGroup;
			children = (
				9977B00681BD9E6B26080785 /* Pods-Weibo.debug.xcconfig */,
				CAB41094FF5928015AB5372D /* Pods-Weibo.release.xcconfig */,
			);
			name = Pods;
			sourceTree = "<group>";
		};
		A93A5755DA52E361EFF709C8 /* Frameworks */ = {
			isa = PBXGroup;
			children = (
				A70FAA19BA29BDAEE15E8EE4 /* Pods_Weibo.framework */,
			);
			name = Frameworks;
			sourceTree = "<group>";
		};
		C4232BC81DFAA2AE00E826AB = {
			isa = PBXGroup;
			children = (
				C4232BD31DFAA2AE00E826AB /* Weibo */,
				C4232BE81DFAA2AF00E826AB /* WeiboTests */,
				C4232BF31DFAA2AF00E826AB /* WeiboUITests */,
				C4232BD21DFAA2AE00E826AB /* Products */,
				5854CEEE23411AB078ECC008 /* Pods */,
				A93A5755DA52E361EFF709C8 /* Frameworks */,
			);
			sourceTree = "<group>";
		};
		C4232BD21DFAA2AE00E826AB /* Products */ = {
			isa = PBXGroup;
			children = (
				C4232BD11DFAA2AE00E826AB /* Weibo.app */,
				C4232BE51DFAA2AF00E826AB /* WeiboTests.xctest */,
				C4232BF01DFAA2AF00E826AB /* WeiboUITests.xctest */,
			);
			name = Products;
			sourceTree = "<group>";
		};
		C4232BD31DFAA2AE00E826AB /* Weibo */ = {
			isa = PBXGroup;
			children = (
				C4232C041DFAA6CF00E826AB /* Classes */,
				C4232BD41DFAA2AE00E826AB /* AppDelegate.swift */,
				C43F3A421DFFF2040052C753 /* Weibo-bridge.h */,
				C4232BDB1DFAA2AE00E826AB /* Assets.xcassets */,
				C4232BE01DFAA2AE00E826AB /* Info.plist */,
			);
			path = Weibo;
			sourceTree = "<group>";
		};
		C4232BE81DFAA2AF00E826AB /* WeiboTests */ = {
			isa = PBXGroup;
			children = (
				C4232BE91DFAA2AF00E826AB /* WeiboTests.swift */,
				C4232BEB1DFAA2AF00E826AB /* Info.plist */,
			);
			path = WeiboTests;
			sourceTree = "<group>";
		};
		C4232BF31DFAA2AF00E826AB /* WeiboUITests */ = {
			isa = PBXGroup;
			children = (
				C4232BF41DFAA2AF00E826AB /* WeiboUITests.swift */,
				C4232BF61DFAA2AF00E826AB /* Info.plist */,
			);
			path = WeiboUITests;
			sourceTree = "<group>";
		};
		C4232C041DFAA6CF00E826AB /* Classes */ = {
			isa = PBXGroup;
			children = (
				C43F3A641DFFFB190052C753 /* Test */,
				C4232C0F1DFAA8A500E826AB /* View */,
				C4232C0E1DFAA89A00E826AB /* ViewModel */,
				C4232C051DFAA6CF00E826AB /* Model */,
				C4232C061DFAA6CF00E826AB /* Tools */,
			);
			path = Classes;
			sourceTree = "<group>";
		};
		C4232C051DFAA6CF00E826AB /* Model */ = {
			isa = PBXGroup;
			children = (
				C43F3A081DFFD6770052C753 /* WBStatus.swift */,
				C43F3A0A1DFFD7030052C753 /* WBStatusPicture.swift */,
				C43F3A0C1DFFD70D0052C753 /* WBUser.swift */,
			);
			path = Model;
			sourceTree = "<group>";
		};
		C4232C061DFAA6CF00E826AB /* Tools */ = {
			isa = PBXGroup;
			children = (
				C43F3A491DFFF47F0052C753 /* SQLite */,
				C43F39F81DFEA4EC0052C753 /* HttpClient */,
				C43F39DA1DFE9B340052C753 /* UILib */,
				C4232C251DFAB09B00E826AB /* Extension */,
				C4232C231DFAAD9400E826AB /* SLConst.swift */,
			);
			path = Tools;
			sourceTree = "<group>";
		};
		C4232C0E1DFAA89A00E826AB /* ViewModel */ = {
			isa = PBXGroup;
			children = (
				C43F3A431DFFF2580052C753 /* WBStatusListViewModel.swift */,
				C43F3A451DFFF2D10052C753 /* WBStatusListDAL.swift */,
				C43F3A471DFFF2E00052C753 /* WBStatusViewModel.swift */,
			);
			path = ViewModel;
			sourceTree = "<group>";
		};
		C4232C0F1DFAA8A500E826AB /* View */ = {
			isa = PBXGroup;
			children = (
				C482269B1E02338C00F74AB5 /* Compose */,
				C4232C121DFAA8A500E826AB /* Main */,
				C4232C111DFAA8A500E826AB /* Home */,
				C4232C131DFAA8A500E826AB /* Message */,
				C4232C101DFAA8A500E826AB /* Discover */,
				C4232C141DFAA8A500E826AB /* Profile */,
			);
			path = View;
			sourceTree = "<group>";
		};
		C4232C101DFAA8A500E826AB /* Discover */ = {
			isa = PBXGroup;
			children = (
				C4232C1F1DFAA99B00E826AB /* DiscoverViewController.swift */,
			);
			path = Discover;
			sourceTree = "<group>";
		};
		C4232C111DFAA8A500E826AB /* Home */ = {
			isa = PBXGroup;
			children = (
				C43F3A5D1DFFF97D0052C753 /* TitleButton */,
				C43F3A521DFFF9760052C753 /* StatusCell */,
				C4232C1B1DFAA97600E826AB /* HomeViewController.swift */,
				C43F3A621DFFFA5C0052C753 /* WBWebViewController.swift */,
			);
			path = Home;
			sourceTree = "<group>";
		};
		C4232C121DFAA8A500E826AB /* Main */ = {
			isa = PBXGroup;
			children = (
				C43F39E81DFEA0B40052C753 /* Main */,
				C43F39ED1DFEA0B40052C753 /* NewFeature */,
				C43F39EE1DFEA0B40052C753 /* OAuth */,
				C43F39EF1DFEA0B40052C753 /* VistorView */,
			);
			path = Main;
			sourceTree = "<group>";
		};
		C4232C131DFAA8A500E826AB /* Message */ = {
			isa = PBXGroup;
			children = (
				C4232C1D1DFAA98D00E826AB /* MessageViewController.swift */,
			);
			path = Message;
			sourceTree = "<group>";
		};
		C4232C141DFAA8A500E826AB /* Profile */ = {
			isa = PBXGroup;
			children = (
				C4232C211DFAA9A800E826AB /* ProfileViewController.swift */,
			);
			path = Profile;
			sourceTree = "<group>";
		};
		C4232C251DFAB09B00E826AB /* Extension */ = {
			isa = PBXGroup;
			children = (
				C4232C261DFAB0B800E826AB /* UIColor+Extension.swift */,
				C4232C2A1DFABA5900E826AB /* Bundle+Extension.swift */,
				C43F39AA1DFE80ED0052C753 /* UIButton+Extension.swift */,
				C43F39D61DFE8B8E0052C753 /* UIBarButtonItem+Extension.swift */,
				C43F39D81DFE91840052C753 /* UIScreen+Extension.swift */,
				C43F39F61DFEA2120052C753 /* UILabel+Extension.swift */,
				C43F39FE1DFEA85B0052C753 /* String+Extension.swift */,
				C43F3A0E1DFFD7640052C753 /* Date+Extension.swift */,
				C43F3A4E1DFFF4CE0052C753 /* UIImage+Extension.swift */,
				C43F3A501DFFF4DA0052C753 /* UIImageView+Extension.swift */,
			);
			path = Extension;
			sourceTree = "<group>";
		};
		C43F39DA1DFE9B340052C753 /* UILib */ = {
			isa = PBXGroup;
			children = (
				C43F3A291DFFF1D90052C753 /* Emoticon */,
				C43F3A261DFFF1CE0052C753 /* FFLabel */,
				C43F3A161DFFF1C40052C753 /* PhotoBrowser */,
				C43F39DB1DFE9B560052C753 /* SLRefreshControl */,
			);
			path = UILib;
			sourceTree = "<group>";
		};
		C43F39DB1DFE9B560052C753 /* SLRefreshControl */ = {
			isa = PBXGroup;
			children = (
				C43F39DC1DFE9BC90052C753 /* SLRefreshControl.swift */,
				C43F39DD1DFE9BC90052C753 /* SLRefreshView.swift */,
				C43F39DE1DFE9BC90052C753 /* SLMeituanRefreshView.swift */,
				C43F39DF1DFE9BC90052C753 /* SLMeituanRefreshView.xib */,
				C43F39E01DFE9BC90052C753 /* SLRefreshView.xib */,
				C43F39E11DFE9BC90052C753 /* SLHumanRefreshView.xib */,
			);
			path = SLRefreshControl;
			sourceTree = "<group>";
		};
		C43F39E81DFEA0B40052C753 /* Main */ = {
			isa = PBXGroup;
			children = (
				C43F39EB1DFEA0B40052C753 /* main.json */,
				C43F39E91DFEA0B40052C753 /* BaseViewController.swift */,
				C43F39EA1DFEA0B40052C753 /* LsNavigationViewController.swift */,
				C43F39EC1DFEA0B40052C753 /* MainViewController.swift */,
			);
			path = Main;
			sourceTree = "<group>";
		};
		C43F39ED1DFEA0B40052C753 /* NewFeature */ = {
			isa = PBXGroup;
			children = (
				C43F3A121DFFE4FA0052C753 /* WBNewFeatureView.swift */,
				C43F3A131DFFE4FA0052C753 /* WBNewFeatureView.xib */,
				C43F3A041DFFC67C0052C753 /* WBWelcomeView.swift */,
				C43F3A051DFFC67C0052C753 /* WBWelcomeView.xib */,
			);
			path = NewFeature;
			sourceTree = "<group>";
		};
		C43F39EE1DFEA0B40052C753 /* OAuth */ = {
			isa = PBXGroup;
			children = (
				C43F3A101DFFDB7D0052C753 /* OAUthViewController.swift */,
			);
			path = OAuth;
			sourceTree = "<group>";
		};
		C43F39EF1DFEA0B40052C753 /* VistorView */ = {
			isa = PBXGroup;
			children = (
				C43F39F41DFEA0E20052C753 /* WBVistorView.swift */,
			);
			path = VistorView;
			sourceTree = "<group>";
		};
		C43F39F81DFEA4EC0052C753 /* HttpClient */ = {
			isa = PBXGroup;
			children = (
				C43F39F91DFEA5330052C753 /* Model */,
				C43F39FA1DFEA5600052C753 /* HttpClientManager.swift */,
				C43F3A001DFEAC0E0052C753 /* HttpClientManager+Extension.swift */,
			);
			path = HttpClient;
			sourceTree = "<group>";
		};
		C43F39F91DFEA5330052C753 /* Model */ = {
			isa = PBXGroup;
			children = (
				C43F39FC1DFEA7800052C753 /* UserAccount.swift */,
			);
			path = Model;
			sourceTree = "<group>";
		};
		C43F3A161DFFF1C40052C753 /* PhotoBrowser */ = {
			isa = PBXGroup;
			children = (
				C43F3A171DFFF1C40052C753 /* HMPhotoBrowserAnimator.h */,
				C43F3A181DFFF1C40052C753 /* HMPhotoBrowserAnimator.m */,
				C43F3A191DFFF1C40052C753 /* HMPhotoBrowserController.h */,
				C43F3A1A1DFFF1C40052C753 /* HMPhotoBrowserController.m */,
				C43F3A1B1DFFF1C40052C753 /* HMPhotoBrowserPhotos.h */,
				C43F3A1C1DFFF1C40052C753 /* HMPhotoBrowserPhotos.m */,
				C43F3A1D1DFFF1C40052C753 /* HMPhotoProgressView.h */,
				C43F3A1E1DFFF1C40052C753 /* HMPhotoProgressView.m */,
				C43F3A1F1DFFF1C40052C753 /* HMPhotoViewerController.h */,
				C43F3A201DFFF1C40052C753 /* HMPhotoViewerController.m */,
			);
			path = PhotoBrowser;
			sourceTree = "<group>";
		};
		C43F3A261DFFF1CE0052C753 /* FFLabel */ = {
			isa = PBXGroup;
			children = (
				C43F3A271DFFF1CE0052C753 /* FFLabel.swift */,
			);
			path = FFLabel;
			sourceTree = "<group>";
		};
		C43F3A291DFFF1D90052C753 /* Emoticon */ = {
			isa = PBXGroup;
			children = (
				C43F3A2A1DFFF1D90052C753 /* CZEmoticonManager.swift */,
				C43F3A2B1DFFF1D90052C753 /* HMEmoticon.bundle */,
				C43F3A2C1DFFF1D90052C753 /* Model */,
				C43F3A301DFFF1D90052C753 /* View */,
			);
			path = Emoticon;
			sourceTree = "<group>";
		};
		C43F3A2C1DFFF1D90052C753 /* Model */ = {
			isa = PBXGroup;
			children = (
				C43F3A2D1DFFF1D90052C753 /* CZEmoticon.swift */,
				C43F3A2E1DFFF1D90052C753 /* CZEmoticonAttachment.swift */,
				C43F3A2F1DFFF1D90052C753 /* CZEmoticonPackage.swift */,
			);
			path = Model;
			sourceTree = "<group>";
		};
		C43F3A301DFFF1D90052C753 /* View */ = {
			isa = PBXGroup;
			children = (
				C43F3A311DFFF1D90052C753 /* CZEmoticonCell.swift */,
				C43F3A321DFFF1D90052C753 /* CZEmoticonInputView.swift */,
				C43F3A331DFFF1D90052C753 /* CZEmoticonInputView.xib */,
				C43F3A341DFFF1D90052C753 /* CZEmoticonLayout.swift */,
				C43F3A351DFFF1D90052C753 /* CZEmoticonTipView.swift */,
				C43F3A361DFFF1D90052C753 /* CZEmoticonToolbar.swift */,
			);
			path = View;
			sourceTree = "<group>";
		};
		C43F3A491DFFF47F0052C753 /* SQLite */ = {
			isa = PBXGroup;
			children = (
				C43F3A4A1DFFF47F0052C753 /* CZSQLiteManager.swift */,
				C43F3A4B1DFFF47F0052C753 /* status.sql */,
			);
			path = SQLite;
			sourceTree = "<group>";
		};
		C43F3A521DFFF9760052C753 /* StatusCell */ = {
			isa = PBXGroup;
			children = (
				C43F3A531DFFF9760052C753 /* WBStatusCell.swift */,
				C43F3A541DFFF9760052C753 /* WBStatusNormalCell.xib */,
				C43F3A551DFFF9760052C753 /* WBStatusPictureView.swift */,
				C43F3A561DFFF9760052C753 /* WBStatusRetweetedCell.xib */,
				C43F3A571DFFF9760052C753 /* WBStatusToolBar.swift */,
			);
			path = StatusCell;
			sourceTree = "<group>";
		};
		C43F3A5D1DFFF97D0052C753 /* TitleButton */ = {
			isa = PBXGroup;
			children = (
				C43F3A5E1DFFF97D0052C753 /* WBTitleButton.swift */,
			);
			path = TitleButton;
			sourceTree = "<group>";
		};
		C43F3A641DFFFB190052C753 /* Test */ = {
			isa = PBXGroup;
			children = (
				C43F3A651DFFFB2A0052C753 /* WBDemoViewController.swift */,
			);
			path = Test;
			sourceTree = "<group>";
		};
		C482269B1E02338C00F74AB5 /* Compose */ = {
			isa = PBXGroup;
			children = (
				C482269C1E02344200F74AB5 /* WBComposeTextView.swift */,
				C482269E1E02344C00F74AB5 /* WBComposeTypeView.swift */,
				C482269F1E02344C00F74AB5 /* WBComposeTypeView.xib */,
				C48226A01E02344C00F74AB5 /* WBComposeTypeButton.swift */,
				C48226A11E02344C00F74AB5 /* WBComposeTypeButton.xib */,
			);
			path = Compose;
			sourceTree = "<group>";
		};
/* End PBXGroup section */

/* Begin PBXNativeTarget section */
		C4232BD01DFAA2AE00E826AB /* Weibo */ = {
			isa = PBXNativeTarget;
			buildConfigurationList = C4232BF91DFAA2AF00E826AB /* Build configuration list for PBXNativeTarget "Weibo" */;
			buildPhases = (
				76C7929B145D1482E14E1FD4 /* [CP] Check Pods Manifest.lock */,
				C4232BCD1DFAA2AE00E826AB /* Sources */,
				C4232BCE1DFAA2AE00E826AB /* Frameworks */,
				C4232BCF1DFAA2AE00E826AB /* Resources */,
				97B9B7957291CC4DE19D8440 /* [CP] Embed Pods Frameworks */,
				A85FA9B57BFFC9FA15792EC1 /* [CP] Copy Pods Resources */,
			);
			buildRules = (
			);
			dependencies = (
			);
			name = Weibo;
			productName = Weibo;
			productReference = C4232BD11DFAA2AE00E826AB /* Weibo.app */;
			productType = "com.apple.product-type.application";
		};
		C4232BE41DFAA2AF00E826AB /* WeiboTests */ = {
			isa = PBXNativeTarget;
			buildConfigurationList = C4232BFC1DFAA2AF00E826AB /* Build configuration list for PBXNativeTarget "WeiboTests" */;
			buildPhases = (
				C4232BE11DFAA2AF00E826AB /* Sources */,
				C4232BE21DFAA2AF00E826AB /* Frameworks */,
				C4232BE31DFAA2AF00E826AB /* Resources */,
			);
			buildRules = (
			);
			dependencies = (
				C4232BE71DFAA2AF00E826AB /* PBXTargetDependency */,
			);
			name = WeiboTests;
			productName = WeiboTests;
			productReference = C4232BE51DFAA2AF00E826AB /* WeiboTests.xctest */;
			productType = "com.apple.product-type.bundle.unit-test";
		};
		C4232BEF1DFAA2AF00E826AB /* WeiboUITests */ = {
			isa = PBXNativeTarget;
			buildConfigurationList = C4232BFF1DFAA2AF00E826AB /* Build configuration list for PBXNativeTarget "WeiboUITests" */;
			buildPhases = (
				C4232BEC1DFAA2AF00E826AB /* Sources */,
				C4232BED1DFAA2AF00E826AB /* Frameworks */,
				C4232BEE1DFAA2AF00E826AB /* Resources */,
			);
			buildRules = (
			);
			dependencies = (
				C4232BF21DFAA2AF00E826AB /* PBXTargetDependency */,
			);
			name = WeiboUITests;
			productName = WeiboUITests;
			productReference = C4232BF01DFAA2AF00E826AB /* WeiboUITests.xctest */;
			productType = "com.apple.product-type.bundle.ui-testing";
		};
/* End PBXNativeTarget section */

/* Begin PBXProject section */
		C4232BC91DFAA2AE00E826AB /* Project object */ = {
			isa = PBXProject;
			attributes = {
				LastSwiftUpdateCheck = 0810;
				LastUpgradeCheck = 0810;
				ORGANIZATIONNAME = Ls;
				TargetAttributes = {
					C4232BD01DFAA2AE00E826AB = {
						CreatedOnToolsVersion = 8.1;
						ProvisioningStyle = Automatic;
					};
					C4232BE41DFAA2AF00E826AB = {
						CreatedOnToolsVersion = 8.1;
						ProvisioningStyle = Automatic;
						TestTargetID = C4232BD01DFAA2AE00E826AB;
					};
					C4232BEF1DFAA2AF00E826AB = {
						CreatedOnToolsVersion = 8.1;
						ProvisioningStyle = Automatic;
						TestTargetID = C4232BD01DFAA2AE00E826AB;
					};
				};
			};
			buildConfigurationList = C4232BCC1DFAA2AE00E826AB /* Build configuration list for PBXProject "Weibo" */;
			compatibilityVersion = "Xcode 3.2";
			developmentRegion = English;
			hasScannedForEncodings = 0;
			knownRegions = (
				en,
				Base,
			);
			mainGroup = C4232BC81DFAA2AE00E826AB;
			productRefGroup = C4232BD21DFAA2AE00E826AB /* Products */;
			projectDirPath = "";
			projectRoot = "";
			targets = (
				C4232BD01DFAA2AE00E826AB /* Weibo */,
				C4232BE41DFAA2AF00E826AB /* WeiboTests */,
				C4232BEF1DFAA2AF00E826AB /* WeiboUITests */,
			);
		};
/* End PBXProject section */

/* Begin PBXResourcesBuildPhase section */
		C4232BCF1DFAA2AE00E826AB /* Resources */ = {
			isa = PBXResourcesBuildPhase;
			buildActionMask = 2147483647;
			files = (
				C43F3A3E1DFFF1D90052C753 /* CZEmoticonInputView.xib in Resources */,
				C43F39F21DFEA0B40052C753 /* main.json in Resources */,
				C43F39E51DFE9BC90052C753 /* SLMeituanRefreshView.xib in Resources */,
				C43F3A151DFFE4FA0052C753 /* WBNewFeatureView.xib in Resources */,
				C48226A31E02344C00F74AB5 /* WBComposeTypeView.xib in Resources */,
				C43F3A4D1DFFF47F0052C753 /* status.sql in Resources */,
				C43F3A591DFFF9760052C753 /* WBStatusNormalCell.xib in Resources */,
				C48226A51E02344C00F74AB5 /* WBComposeTypeButton.xib in Resources */,
				C43F3A071DFFC67C0052C753 /* WBWelcomeView.xib in Resources */,
				C43F3A381DFFF1D90052C753 /* HMEmoticon.bundle in Resources */,
				C43F3A5B1DFFF9760052C753 /* WBStatusRetweetedCell.xib in Resources */,
				C43F39E61DFE9BC90052C753 /* SLRefreshView.xib in Resources */,
				C43F39E71DFE9BC90052C753 /* SLHumanRefreshView.xib in Resources */,
				C4232BDC1DFAA2AE00E826AB /* Assets.xcassets in Resources */,
			);
			runOnlyForDeploymentPostprocessing = 0;
		};
		C4232BE31DFAA2AF00E826AB /* Resources */ = {
			isa = PBXResourcesBuildPhase;
			buildActionMask = 2147483647;
			files = (
			);
			runOnlyForDeploymentPostprocessing = 0;
		};
		C4232BEE1DFAA2AF00E826AB /* Resources */ = {
			isa = PBXResourcesBuildPhase;
			buildActionMask = 2147483647;
			files = (
			);
			runOnlyForDeploymentPostprocessing = 0;
		};
/* End PBXResourcesBuildPhase section */

/* Begin PBXShellScriptBuildPhase section */
		76C7929B145D1482E14E1FD4 /* [CP] Check Pods Manifest.lock */ = {
			isa = PBXShellScriptBuildPhase;
			buildActionMask = 2147483647;
			files = (
			);
			inputPaths = (
			);
			name = "[CP] Check Pods Manifest.lock";
			outputPaths = (
			);
			runOnlyForDeploymentPostprocessing = 0;
			shellPath = /bin/sh;
			shellScript = "diff \"${PODS_ROOT}/../Podfile.lock\" \"${PODS_ROOT}/Manifest.lock\" > /dev/null\nif [ $? != 0 ] ; then\n    # print error to STDERR\n    echo \"error: The sandbox is not in sync with the Podfile.lock. Run 'pod install' or update your CocoaPods installation.\" >&2\n    exit 1\nfi\n";
			showEnvVarsInLog = 0;
		};
		97B9B7957291CC4DE19D8440 /* [CP] Embed Pods Frameworks */ = {
			isa = PBXShellScriptBuildPhase;
			buildActionMask = 2147483647;
			files = (
			);
			inputPaths = (
			);
			name = "[CP] Embed Pods Frameworks";
			outputPaths = (
			);
			runOnlyForDeploymentPostprocessing = 0;
			shellPath = /bin/sh;
			shellScript = "\"${SRCROOT}/../Pods/Target Support Files/Pods-Weibo/Pods-Weibo-frameworks.sh\"\n";
			showEnvVarsInLog = 0;
		};
		A85FA9B57BFFC9FA15792EC1 /* [CP] Copy Pods Resources */ = {
			isa = PBXShellScriptBuildPhase;
			buildActionMask = 2147483647;
			files = (
			);
			inputPaths = (
			);
			name = "[CP] Copy Pods Resources";
			outputPaths = (
			);
			runOnlyForDeploymentPostprocessing = 0;
			shellPath = /bin/sh;
			shellScript = "\"${SRCROOT}/../Pods/Target Support Files/Pods-Weibo/Pods-Weibo-resources.sh\"\n";
			showEnvVarsInLog = 0;
		};
/* End PBXShellScriptBuildPhase section */

/* Begin PBXSourcesBuildPhase section */
		C4232BCD1DFAA2AE00E826AB /* Sources */ = {
			isa = PBXSourcesBuildPhase;
			buildActionMask = 2147483647;
			files = (
				C4232C1C1DFAA97600E826AB /* HomeViewController.swift in Sources */,
				C43F3A4C1DFFF47F0052C753 /* CZSQLiteManager.swift in Sources */,
				C4232BD51DFAA2AE00E826AB /* AppDelegate.swift in Sources */,
				C43F3A251DFFF1C40052C753 /* HMPhotoViewerController.m in Sources */,
				C43F3A371DFFF1D90052C753 /* CZEmoticonManager.swift in Sources */,
				C4232C201DFAA99B00E826AB /* DiscoverViewController.swift in Sources */,
				C43F3A3F1DFFF1D90052C753 /* CZEmoticonLayout.swift in Sources */,
				C43F3A141DFFE4FA0052C753 /* WBNewFeatureView.swift in Sources */,
				C4232C2B1DFABA5900E826AB /* Bundle+Extension.swift in Sources */,
				C43F39FB1DFEA5600052C753 /* HttpClientManager.swift in Sources */,
				C43F39F11DFEA0B40052C753 /* LsNavigationViewController.swift in Sources */,
				C43F3A3B1DFFF1D90052C753 /* CZEmoticonPackage.swift in Sources */,
				C43F3A481DFFF2E00052C753 /* WBStatusViewModel.swift in Sources */,
				C43F3A111DFFDB7D0052C753 /* OAUthViewController.swift in Sources */,
				C43F39F01DFEA0B40052C753 /* BaseViewController.swift in Sources */,
				C43F3A511DFFF4DA0052C753 /* UIImageView+Extension.swift in Sources */,
				C43F39F51DFEA0E20052C753 /* WBVistorView.swift in Sources */,
				C43F3A5A1DFFF9760052C753 /* WBStatusPictureView.swift in Sources */,
				C43F39E31DFE9BC90052C753 /* SLRefreshView.swift in Sources */,
				C43F3A4F1DFFF4CE0052C753 /* UIImage+Extension.swift in Sources */,
				C48226A21E02344C00F74AB5 /* WBComposeTypeView.swift in Sources */,
				C43F39F71DFEA2120052C753 /* UILabel+Extension.swift in Sources */,
				C482269D1E02344200F74AB5 /* WBComposeTextView.swift in Sources */,
				C43F3A391DFFF1D90052C753 /* CZEmoticon.swift in Sources */,
				C43F39AB1DFE80ED0052C753 /* UIButton+Extension.swift in Sources */,
				C48226A41E02344C00F74AB5 /* WBComposeTypeButton.swift in Sources */,
				C43F3A3A1DFFF1D90052C753 /* CZEmoticonAttachment.swift in Sources */,
				C43F3A3D1DFFF1D90052C753 /* CZEmoticonInputView.swift in Sources */,
				C4232C241DFAAD9400E826AB /* SLConst.swift in Sources */,
				C43F3A011DFEAC0E0052C753 /* HttpClientManager+Extension.swift in Sources */,
				C43F3A581DFFF9760052C753 /* WBStatusCell.swift in Sources */,
				C43F39FF1DFEA85B0052C753 /* String+Extension.swift in Sources */,
				C43F3A441DFFF2580052C753 /* WBStatusListViewModel.swift in Sources */,
				C43F39E41DFE9BC90052C753 /* SLMeituanRefreshView.swift in Sources */,
				C43F3A631DFFFA5C0052C753 /* WBWebViewController.swift in Sources */,
				C43F3A461DFFF2D10052C753 /* WBStatusListDAL.swift in Sources */,
				C43F3A0D1DFFD70E0052C753 /* WBUser.swift in Sources */,
				C43F3A0F1DFFD7640052C753 /* Date+Extension.swift in Sources */,
				C4232C1E1DFAA98D00E826AB /* MessageViewController.swift in Sources */,
				C43F3A211DFFF1C40052C753 /* HMPhotoBrowserAnimator.m in Sources */,
				C43F3A5F1DFFF97D0052C753 /* WBTitleButton.swift in Sources */,
				C43F39E21DFE9BC90052C753 /* SLRefreshControl.swift in Sources */,
				C4232C221DFAA9A800E826AB /* ProfileViewController.swift in Sources */,
				C43F3A3C1DFFF1D90052C753 /* CZEmoticonCell.swift in Sources */,
				C43F3A281DFFF1CE0052C753 /* FFLabel.swift in Sources */,
				C43F3A241DFFF1C40052C753 /* HMPhotoProgressView.m in Sources */,
				C43F3A401DFFF1D90052C753 /* CZEmoticonTipView.swift in Sources */,
				C4232C271DFAB0B800E826AB /* UIColor+Extension.swift in Sources */,
				C43F39D71DFE8B8E0052C753 /* UIBarButtonItem+Extension.swift in Sources */,
				C43F3A0B1DFFD7030052C753 /* WBStatusPicture.swift in Sources */,
				C43F39D91DFE91840052C753 /* UIScreen+Extension.swift in Sources */,
				C43F3A5C1DFFF9760052C753 /* WBStatusToolBar.swift in Sources */,
				C43F39F31DFEA0B40052C753 /* MainViewController.swift in Sources */,
				C43F3A221DFFF1C40052C753 /* HMPhotoBrowserController.m in Sources */,
				C43F39FD1DFEA7800052C753 /* UserAccount.swift in Sources */,
				C43F3A091DFFD6770052C753 /* WBStatus.swift in Sources */,
				C43F3A061DFFC67C0052C753 /* WBWelcomeView.swift in Sources */,
				C43F3A661DFFFB2A0052C753 /* WBDemoViewController.swift in Sources */,
				C43F3A231DFFF1C40052C753 /* HMPhotoBrowserPhotos.m in Sources */,
				C43F3A411DFFF1D90052C753 /* CZEmoticonToolbar.swift in Sources */,
			);
			runOnlyForDeploymentPostprocessing = 0;
		};
		C4232BE11DFAA2AF00E826AB /* Sources */ = {
			isa = PBXSourcesBuildPhase;
			buildActionMask = 2147483647;
			files = (
				C4232BEA1DFAA2AF00E826AB /* WeiboTests.swift in Sources */,
			);
			runOnlyForDeploymentPostprocessing = 0;
		};
		C4232BEC1DFAA2AF00E826AB /* Sources */ = {
			isa = PBXSourcesBuildPhase;
			buildActionMask = 2147483647;
			files = (
				C4232BF51DFAA2AF00E826AB /* WeiboUITests.swift in Sources */,
			);
			runOnlyForDeploymentPostprocessing = 0;
		};
/* End PBXSourcesBuildPhase section */

/* Begin PBXTargetDependency section */
		C4232BE71DFAA2AF00E826AB /* PBXTargetDependency */ = {
			isa = PBXTargetDependency;
			target = C4232BD01DFAA2AE00E826AB /* Weibo */;
			targetProxy = C4232BE61DFAA2AF00E826AB /* PBXContainerItemProxy */;
		};
		C4232BF21DFAA2AF00E826AB /* PBXTargetDependency */ = {
			isa = PBXTargetDependency;
			target = C4232BD01DFAA2AE00E826AB /* Weibo */;
			targetProxy = C4232BF11DFAA2AF00E826AB /* PBXContainerItemProxy */;
		};
/* End PBXTargetDependency section */

/* Begin XCBuildConfiguration section */
		C4232BF71DFAA2AF00E826AB /* Debug */ = {
			isa = XCBuildConfiguration;
			buildSettings = {
				ALWAYS_SEARCH_USER_PATHS = NO;
				CLANG_ANALYZER_NONNULL = YES;
				CLANG_CXX_LANGUAGE_STANDARD = "gnu++0x";
				CLANG_CXX_LIBRARY = "libc++";
				CLANG_ENABLE_MODULES = YES;
				CLANG_ENABLE_OBJC_ARC = YES;
				CLANG_WARN_BOOL_CONVERSION = YES;
				CLANG_WARN_CONSTANT_CONVERSION = YES;
				CLANG_WARN_DIRECT_OBJC_ISA_USAGE = YES_ERROR;
				CLANG_WARN_DOCUMENTATION_COMMENTS = YES;
				CLANG_WARN_EMPTY_BODY = YES;
				CLANG_WARN_ENUM_CONVERSION = YES;
				CLANG_WARN_INFINITE_RECURSION = YES;
				CLANG_WARN_INT_CONVERSION = YES;
				CLANG_WARN_OBJC_ROOT_CLASS = YES_ERROR;
				CLANG_WARN_SUSPICIOUS_MOVES = YES;
				CLANG_WARN_UNREACHABLE_CODE = YES;
				CLANG_WARN__DUPLICATE_METHOD_MATCH = YES;
				"CODE_SIGN_IDENTITY[sdk=iphoneos*]" = "iPhone Developer";
				COPY_PHASE_STRIP = NO;
				DEBUG_INFORMATION_FORMAT = dwarf;
				ENABLE_STRICT_OBJC_MSGSEND = YES;
				ENABLE_TESTABILITY = YES;
				GCC_C_LANGUAGE_STANDARD = gnu99;
				GCC_DYNAMIC_NO_PIC = NO;
				GCC_NO_COMMON_BLOCKS = YES;
				GCC_OPTIMIZATION_LEVEL = 0;
				GCC_PREPROCESSOR_DEFINITIONS = (
					"DEBUG=1",
					"$(inherited)",
				);
				GCC_WARN_64_TO_32_BIT_CONVERSION = YES;
				GCC_WARN_ABOUT_RETURN_TYPE = YES_ERROR;
				GCC_WARN_UNDECLARED_SELECTOR = YES;
				GCC_WARN_UNINITIALIZED_AUTOS = YES_AGGRESSIVE;
				GCC_WARN_UNUSED_FUNCTION = YES;
				GCC_WARN_UNUSED_VARIABLE = YES;
				IPHONEOS_DEPLOYMENT_TARGET = 10.1;
				MTL_ENABLE_DEBUG_INFO = YES;
				ONLY_ACTIVE_ARCH = YES;
				SDKROOT = iphoneos;
				SWIFT_ACTIVE_COMPILATION_CONDITIONS = DEBUG;
				SWIFT_OPTIMIZATION_LEVEL = "-Onone";
			};
			name = Debug;
		};
		C4232BF81DFAA2AF00E826AB /* Release */ = {
			isa = XCBuildConfiguration;
			buildSettings = {
				ALWAYS_SEARCH_USER_PATHS = NO;
				CLANG_ANALYZER_NONNULL = YES;
				CLANG_CXX_LANGUAGE_STANDARD = "gnu++0x";
				CLANG_CXX_LIBRARY = "libc++";
				CLANG_ENABLE_MODULES = YES;
				CLANG_ENABLE_OBJC_ARC = YES;
				CLANG_WARN_BOOL_CONVERSION = YES;
				CLANG_WARN_CONSTANT_CONVERSION = YES;
				CLANG_WARN_DIRECT_OBJC_ISA_USAGE = YES_ERROR;
				CLANG_WARN_DOCUMENTATION_COMMENTS = YES;
				CLANG_WARN_EMPTY_BODY = YES;
				CLANG_WARN_ENUM_CONVERSION = YES;
				CLANG_WARN_INFINITE_RECURSION = YES;
				CLANG_WARN_INT_CONVERSION = YES;
				CLANG_WARN_OBJC_ROOT_CLASS = YES_ERROR;
				CLANG_WARN_SUSPICIOUS_MOVES = YES;
				CLANG_WARN_UNREACHABLE_CODE = YES;
				CLANG_WARN__DUPLICATE_METHOD_MATCH = YES;
				"CODE_SIGN_IDENTITY[sdk=iphoneos*]" = "iPhone Developer";
				COPY_PHASE_STRIP = NO;
				DEBUG_INFORMATION_FORMAT = "dwarf-with-dsym";
				ENABLE_NS_ASSERTIONS = NO;
				ENABLE_STRICT_OBJC_MSGSEND = YES;
				GCC_C_LANGUAGE_STANDARD = gnu99;
				GCC_NO_COMMON_BLOCKS = YES;
				GCC_WARN_64_TO_32_BIT_CONVERSION = YES;
				GCC_WARN_ABOUT_RETURN_TYPE = YES_ERROR;
				GCC_WARN_UNDECLARED_SELECTOR = YES;
				GCC_WARN_UNINITIALIZED_AUTOS = YES_AGGRESSIVE;
				GCC_WARN_UNUSED_FUNCTION = YES;
				GCC_WARN_UNUSED_VARIABLE = YES;
				IPHONEOS_DEPLOYMENT_TARGET = 10.1;
				MTL_ENABLE_DEBUG_INFO = NO;
				SDKROOT = iphoneos;
				SWIFT_OPTIMIZATION_LEVEL = "-Owholemodule";
				VALIDATE_PRODUCT = YES;
			};
			name = Release;
		};
		C4232BFA1DFAA2AF00E826AB /* Debug */ = {
			isa = XCBuildConfiguration;
			baseConfigurationReference = 9977B00681BD9E6B26080785 /* Pods-Weibo.debug.xcconfig */;
			buildSettings = {
				ASSETCATALOG_COMPILER_APPICON_NAME = AppIcon;
				ASSETCATALOG_COMPILER_LAUNCHIMAGE_NAME = LaunchImage;
				INFOPLIST_FILE = Weibo/Info.plist;
				IPHONEOS_DEPLOYMENT_TARGET = 8.0;
				LD_RUNPATH_SEARCH_PATHS = "$(inherited) @executable_path/Frameworks";
				PRODUCT_BUNDLE_IDENTIFIER = com.sl.Weibo;
				PRODUCT_NAME = "$(TARGET_NAME)";
				SWIFT_OBJC_BRIDGING_HEADER = "Weibo-bridge.h";
				SWIFT_VERSION = 3.0;
			};
			name = Debug;
		};
		C4232BFB1DFAA2AF00E826AB /* Release */ = {
			isa = XCBuildConfiguration;
			baseConfigurationReference = CAB41094FF5928015AB5372D /* Pods-Weibo.release.xcconfig */;
			buildSettings = {
				ASSETCATALOG_COMPILER_APPICON_NAME = AppIcon;
				ASSETCATALOG_COMPILER_LAUNCHIMAGE_NAME = LaunchImage;
				INFOPLIST_FILE = Weibo/Info.plist;
				IPHONEOS_DEPLOYMENT_TARGET = 8.0;
				LD_RUNPATH_SEARCH_PATHS = "$(inherited) @executable_path/Frameworks";
				PRODUCT_BUNDLE_IDENTIFIER = com.sl.Weibo;
				PRODUCT_NAME = "$(TARGET_NAME)";
				SWIFT_OBJC_BRIDGING_HEADER = "Weibo-bridge.h";
				SWIFT_VERSION = 3.0;
			};
			name = Release;
		};
		C4232BFD1DFAA2AF00E826AB /* Debug */ = {
			isa = XCBuildConfiguration;
			buildSettings = {
				ALWAYS_EMBED_SWIFT_STANDARD_LIBRARIES = YES;
				BUNDLE_LOADER = "$(TEST_HOST)";
				INFOPLIST_FILE = WeiboTests/Info.plist;
				LD_RUNPATH_SEARCH_PATHS = "$(inherited) @executable_path/Frameworks @loader_path/Frameworks";
				PRODUCT_BUNDLE_IDENTIFIER = com.sl.WeiboTests;
				PRODUCT_NAME = "$(TARGET_NAME)";
				SWIFT_VERSION = 3.0;
				TEST_HOST = "$(BUILT_PRODUCTS_DIR)/Weibo.app/Weibo";
			};
			name = Debug;
		};
		C4232BFE1DFAA2AF00E826AB /* Release */ = {
			isa = XCBuildConfiguration;
			buildSettings = {
				ALWAYS_EMBED_SWIFT_STANDARD_LIBRARIES = YES;
				BUNDLE_LOADER = "$(TEST_HOST)";
				INFOPLIST_FILE = WeiboTests/Info.plist;
				LD_RUNPATH_SEARCH_PATHS = "$(inherited) @executable_path/Frameworks @loader_path/Frameworks";
				PRODUCT_BUNDLE_IDENTIFIER = com.sl.WeiboTests;
				PRODUCT_NAME = "$(TARGET_NAME)";
				SWIFT_VERSION = 3.0;
				TEST_HOST = "$(BUILT_PRODUCTS_DIR)/Weibo.app/Weibo";
			};
			name = Release;
		};
		C4232C001DFAA2AF00E826AB /* Debug */ = {
			isa = XCBuildConfiguration;
			buildSettings = {
				ALWAYS_EMBED_SWIFT_STANDARD_LIBRARIES = YES;
				INFOPLIST_FILE = WeiboUITests/Info.plist;
				LD_RUNPATH_SEARCH_PATHS = "$(inherited) @executable_path/Frameworks @loader_path/Frameworks";
				PRODUCT_BUNDLE_IDENTIFIER = com.sl.WeiboUITests;
				PRODUCT_NAME = "$(TARGET_NAME)";
				SWIFT_VERSION = 3.0;
				TEST_TARGET_NAME = Weibo;
			};
			name = Debug;
		};
		C4232C011DFAA2AF00E826AB /* Release */ = {
			isa = XCBuildConfiguration;
			buildSettings = {
				ALWAYS_EMBED_SWIFT_STANDARD_LIBRARIES = YES;
				INFOPLIST_FILE = WeiboUITests/Info.plist;
				LD_RUNPATH_SEARCH_PATHS = "$(inherited) @executable_path/Frameworks @loader_path/Frameworks";
				PRODUCT_BUNDLE_IDENTIFIER = com.sl.WeiboUITests;
				PRODUCT_NAME = "$(TARGET_NAME)";
				SWIFT_VERSION = 3.0;
				TEST_TARGET_NAME = Weibo;
			};
			name = Release;
		};
/* End XCBuildConfiguration section */

/* Begin XCConfigurationList section */
		C4232BCC1DFAA2AE00E826AB /* Build configuration list for PBXProject "Weibo" */ = {
			isa = XCConfigurationList;
			buildConfigurations = (
				C4232BF71DFAA2AF00E826AB /* Debug */,
				C4232BF81DFAA2AF00E826AB /* Release */,
			);
			defaultConfigurationIsVisible = 0;
			defaultConfigurationName = Release;
		};
		C4232BF91DFAA2AF00E826AB /* Build configuration list for PBXNativeTarget "Weibo" */ = {
			isa = XCConfigurationList;
			buildConfigurations = (
				C4232BFA1DFAA2AF00E826AB /* Debug */,
				C4232BFB1DFAA2AF00E826AB /* Release */,
			);
			defaultConfigurationIsVisible = 0;
			defaultConfigurationName = Release;
		};
		C4232BFC1DFAA2AF00E826AB /* Build configuration list for PBXNativeTarget "WeiboTests" */ = {
			isa = XCConfigurationList;
			buildConfigurations = (
				C4232BFD1DFAA2AF00E826AB /* Debug */,
				C4232BFE1DFAA2AF00E826AB /* Release */,
			);
			defaultConfigurationIsVisible = 0;
			defaultConfigurationName = Release;
		};
		C4232BFF1DFAA2AF00E826AB /* Build configuration list for PBXNativeTarget "WeiboUITests" */ = {
			isa = XCConfigurationList;
			buildConfigurations = (
				C4232C001DFAA2AF00E826AB /* Debug */,
				C4232C011DFAA2AF00E826AB /* Release */,
			);
			defaultConfigurationIsVisible = 0;
			defaultConfigurationName = Release;
		};
/* End XCConfigurationList section */
	};
	rootObject = C4232BC91DFAA2AE00E826AB /* Project object */;
}
